
Microsoft Visual Studio Solution File, Format Version 12.00
Project("{FAE04EC0-301F-11D3-BF4B-00C04F79EFBC}") = "GigHub", "GigHub\GigHub.csproj", "{EC2A9C93-0BB4-461D-96B4-A9E3A7FC8478}"
EndProject
Global
	GlobalSection(SolutionConfigurationPlatforms) = preSolution
		Debug|Any CPU = Debug|Any CPU
		Release|Any CPU = Release|Any CPU
	EndGlobalSection
	GlobalSection(ProjectConfigurationPlatforms) = postSolution
		{EC2A9C93-0BB4-461D-96B4-A9E3A7FC8478}.Debug|Any CPU.ActiveCfg = Debug|Any CPU
		{EC2A9C93-0BB4-461D-96B4-A9E3A7FC8478}.Debug|Any CPU.Build.0 = Debug|Any CPU
		{EC2A9C93-0BB4-461D-96B4-A9E3A7FC8478}.Release|Any CPU.ActiveCfg = Release|Any CPU
		{EC2A9C93-0BB4-461D-96B4-A9E3A7FC8478}.Release|Any CPU.Build.0 = Release|Any CPU
	EndGlobalSection
EndGlobal
